# THIS IS AN AUTOGENERATED FILE. DO NOT EDIT THIS FILE DIRECTLY.
# yarn lockfile v1


"@ant-design/colors@^6.0.0":
  "integrity" "sha512-qAZRvPzfdWHtfameEGP2Qvuf838NhergR35o+EuVyB5XvSA98xod5r4utvi4TJ3ywmevm290g9nsCG5MryrdWQ=="
  "resolved" "https://registry.npmmirror.com/@ant-design/colors/-/colors-6.0.0.tgz"
  "version" "6.0.0"
  dependencies:
    "@ctrl/tinycolor" "^3.4.0"

"@ant-design/fast-color@^2.0.6":
  "integrity" "sha512-y2217gk4NqL35giHl72o6Zzqji9O7vHh9YmhUVkPtAOpoTCH4uWxo/pr4VE8t0+ChEPs0qo4eJRC5Q1eXWo3vA=="
  "resolved" "https://registry.npmmirror.com/@ant-design/fast-color/-/fast-color-2.0.6.tgz"
  "version" "2.0.6"
  dependencies:
    "@babel/runtime" "^7.24.7"

"@ant-design/icons-svg@^4.2.1":
  "integrity" "sha512-vHbT+zJEVzllwP+CM+ul7reTEfBR0vgxFe7+lREAsAA7YGsYpboiq2sQNeQeRvh09GfQgs/GyFEvZpJ9cLXpXA=="
  "resolved" "https://registry.npmmirror.com/@ant-design/icons-svg/-/icons-svg-4.4.2.tgz"
  "version" "4.4.2"

"@ant-design/icons-vue@^7.0.0":
  "integrity" "sha512-eCqY2unfZK6Fe02AwFlDHLfoyEFreP6rBwAZMIJ1LugmfMiVgwWDYlp1YsRugaPtICYOabV1iWxXdP12u9U43Q=="
  "resolved" "https://registry.npmmirror.com/@ant-design/icons-vue/-/icons-vue-7.0.1.tgz"
  "version" "7.0.1"
  dependencies:
    "@ant-design/colors" "^6.0.0"
    "@ant-design/icons-svg" "^4.2.1"

"@babel/helper-string-parser@^7.27.1":
  "integrity" "sha512-qMlSxKbpRlAridDExk92nSobyDdpPijUq2DW6oDnUqd0iOGxmQjyqhMIihI9+zv4LPyZdRje2cavWPbCbWm3eA=="
  "resolved" "https://registry.npmmirror.com/@babel/helper-string-parser/-/helper-string-parser-7.27.1.tgz"
  "version" "7.27.1"

"@babel/helper-validator-identifier@^7.27.1":
  "integrity" "sha512-D2hP9eA+Sqx1kBZgzxZh0y1trbuU+JoDkiEwqhQ36nodYqJwyEIhPSdMNd7lOm/4io72luTPWH20Yda0xOuUow=="
  "resolved" "https://registry.npmmirror.com/@babel/helper-validator-identifier/-/helper-validator-identifier-7.27.1.tgz"
  "version" "7.27.1"

"@babel/parser@^7.27.5":
  "integrity" "sha512-jVZGvOxOuNSsuQuLRTh13nU0AogFlw32w/MT+LV6D3sP5WdbW61E77RnkbaO2dUvmPAYrBDJXGn5gGS6tH4j8g=="
  "resolved" "https://registry.npmmirror.com/@babel/parser/-/parser-7.28.0.tgz"
  "version" "7.28.0"
  dependencies:
    "@babel/types" "^7.28.0"

"@babel/runtime@^7.10.5", "@babel/runtime@^7.24.7":
  "integrity" "sha512-vbavdySgbTTrmFE+EsiqUTzlOr5bzlnJtUv9PynGCAKvfQqjIXbvFdumPM/GxMDfyuGMJaJAU6TO4zc1Jf1i8Q=="
  "resolved" "https://registry.npmmirror.com/@babel/runtime/-/runtime-7.27.6.tgz"
  "version" "7.27.6"

"@babel/types@^7.28.0":
  "integrity" "sha512-jYnje+JyZG5YThjHiF28oT4SIZLnYOcSBb6+SDaFIyzDVSkXQmQQYclJ2R+YxcdmK0AX6x1E5OQNtuh3jHDrUg=="
  "resolved" "https://registry.npmmirror.com/@babel/types/-/types-7.28.0.tgz"
  "version" "7.28.0"
  dependencies:
    "@babel/helper-string-parser" "^7.27.1"
    "@babel/helper-validator-identifier" "^7.27.1"

"@ctrl/tinycolor@^3.4.0", "@ctrl/tinycolor@^3.5.0":
  "integrity" "sha512-SITSV6aIXsuVNV3f3O0f2n/cgyEDWoSqtZMYiAmcsYHydcKrOz3gUxB/iXd/Qf08+IZX4KpgNbvUdMBmWz+kcA=="
  "resolved" "https://registry.npmmirror.com/@ctrl/tinycolor/-/tinycolor-3.6.1.tgz"
  "version" "3.6.1"

"@emotion/hash@^0.9.0", "@emotion/hash@^0.9.2":
  "integrity" "sha512-MyqliTZGuOm3+5ZRSaaBGP3USLw6+EGykkwZns2EPC5g8jJ4z9OrdZY9apkl3+UP9+sdz76YYkwCKP5gh8iY3g=="
  "resolved" "https://registry.npmmirror.com/@emotion/hash/-/hash-0.9.2.tgz"
  "version" "0.9.2"

"@emotion/unitless@^0.10.0":
  "integrity" "sha512-dFoMUuQA20zvtVTuxZww6OHoJYgrzfKM1t52mVySDJnMSEa08ruEvdYQbhvyu6soU+NeLVd3yKfTfT0NeV6qGg=="
  "resolved" "https://registry.npmmirror.com/@emotion/unitless/-/unitless-0.10.0.tgz"
  "version" "0.10.0"

"@emotion/unitless@^0.8.0":
  "integrity" "sha512-KOEGMu6dmJZtpadb476IsZBclKvILjopjUii3V+7MnXIQCYh8W3NgNcgwo21n9LXZX6EDIKvqfjYxXebDwxKmQ=="
  "resolved" "https://registry.npmmirror.com/@emotion/unitless/-/unitless-0.8.1.tgz"
  "version" "0.8.1"

"@esbuild/darwin-arm64@0.21.5":
  "integrity" "sha512-DwqXqZyuk5AiWWf3UfLiRDJ5EDd49zg6O9wclZ7kUMv2WRFr4HKjXp/5t8JZ11QbQfUS6/cRCKGwYhtNAY88kQ=="
  "resolved" "https://registry.npmmirror.com/@esbuild/darwin-arm64/-/darwin-arm64-0.21.5.tgz"
  "version" "0.21.5"

"@jridgewell/sourcemap-codec@^1.5.0":
  "integrity" "sha512-VT2+G1VQs/9oz078bLrYbecdZKs912zQlkelYpuf+SXF+QvZDYJlbx/LSx+meSAwdDFnF8FVXW92AVjjkVmgFw=="
  "resolved" "https://registry.npmmirror.com/@jridgewell/sourcemap-codec/-/sourcemap-codec-1.5.4.tgz"
  "version" "1.5.4"

"@rollup/rollup-darwin-arm64@4.44.2":
  "integrity" "sha512-EsnFot9ZieM35YNA26nhbLTJBHD0jTwWpPwmRVDzjylQT6gkar+zenfb8mHxWpRrbn+WytRRjE0WKsfaxBkVUA=="
  "resolved" "https://registry.npmmirror.com/@rollup/rollup-darwin-arm64/-/rollup-darwin-arm64-4.44.2.tgz"
  "version" "4.44.2"

"@simonwep/pickr@~1.8.0":
  "integrity" "sha512-/l5w8BIkrpP6n1xsetx9MWPWlU6OblN5YgZZphxan0Tq4BByTCETL6lyIeY8lagalS2Nbt4F2W034KHLIiunKA=="
  "resolved" "https://registry.npmmirror.com/@simonwep/pickr/-/pickr-1.8.2.tgz"
  "version" "1.8.2"
  dependencies:
    "core-js" "^3.15.1"
    "nanopop" "^2.1.0"

"@types/estree@1.0.8":
  "integrity" "sha512-dWHzHa2WqEXI/O1E9OjrocMTKJl2mSrEolh1Iomrv6U+JuNwaHXsXx9bLu5gG7BUWFIN0skIQJQ/L1rIex4X6w=="
  "resolved" "https://registry.npmmirror.com/@types/estree/-/estree-1.0.8.tgz"
  "version" "1.0.8"

"@types/web-bluetooth@^0.0.21":
  "integrity" "sha512-oIQLCGWtcFZy2JW77j9k8nHzAOpqMHLQejDA48XXMWH6tjCQHz5RCFz1bzsmROyL6PUm+LLnUiI4BCn221inxA=="
  "resolved" "https://registry.npmmirror.com/@types/web-bluetooth/-/web-bluetooth-0.0.21.tgz"
  "version" "0.0.21"

"@vitejs/plugin-vue@^5.0.0":
  "integrity" "sha512-7Yx/SXSOcQq5HiiV3orevHUFn+pmMB4cgbEkDYgnkUWb0WfeQ/wa2yFv6D5ICiCQOVpjA7vYDXrC7AGO8yjDHA=="
  "resolved" "https://registry.npmmirror.com/@vitejs/plugin-vue/-/plugin-vue-5.2.4.tgz"
  "version" "5.2.4"

"@vue/compiler-core@3.5.17":
  "integrity" "sha512-Xe+AittLbAyV0pabcN7cP7/BenRBNcteM4aSDCtRvGw0d9OL+HG1u/XHLY/kt1q4fyMeZYXyIYrsHuPSiDPosA=="
  "resolved" "https://registry.npmmirror.com/@vue/compiler-core/-/compiler-core-3.5.17.tgz"
  "version" "3.5.17"
  dependencies:
    "@babel/parser" "^7.27.5"
    "@vue/shared" "3.5.17"
    "entities" "^4.5.0"
    "estree-walker" "^2.0.2"
    "source-map-js" "^1.2.1"

"@vue/compiler-dom@3.5.17":
  "integrity" "sha512-+2UgfLKoaNLhgfhV5Ihnk6wB4ljyW1/7wUIog2puUqajiC29Lp5R/IKDdkebh9jTbTogTbsgB+OY9cEWzG95JQ=="
  "resolved" "https://registry.npmmirror.com/@vue/compiler-dom/-/compiler-dom-3.5.17.tgz"
  "version" "3.5.17"
  dependencies:
    "@vue/compiler-core" "3.5.17"
    "@vue/shared" "3.5.17"

"@vue/compiler-sfc@3.5.17":
  "integrity" "sha512-rQQxbRJMgTqwRugtjw0cnyQv9cP4/4BxWfTdRBkqsTfLOHWykLzbOc3C4GGzAmdMDxhzU/1Ija5bTjMVrddqww=="
  "resolved" "https://registry.npmmirror.com/@vue/compiler-sfc/-/compiler-sfc-3.5.17.tgz"
  "version" "3.5.17"
  dependencies:
    "@babel/parser" "^7.27.5"
    "@vue/compiler-core" "3.5.17"
    "@vue/compiler-dom" "3.5.17"
    "@vue/compiler-ssr" "3.5.17"
    "@vue/shared" "3.5.17"
    "estree-walker" "^2.0.2"
    "magic-string" "^0.30.17"
    "postcss" "^8.5.6"
    "source-map-js" "^1.2.1"

"@vue/compiler-ssr@3.5.17":
  "integrity" "sha512-hkDbA0Q20ZzGgpj5uZjb9rBzQtIHLS78mMilwrlpWk2Ep37DYntUz0PonQ6kr113vfOEdM+zTBuJDaceNIW0tQ=="
  "resolved" "https://registry.npmmirror.com/@vue/compiler-ssr/-/compiler-ssr-3.5.17.tgz"
  "version" "3.5.17"
  dependencies:
    "@vue/compiler-dom" "3.5.17"
    "@vue/shared" "3.5.17"

"@vue/reactivity@3.5.17":
  "integrity" "sha512-l/rmw2STIscWi7SNJp708FK4Kofs97zc/5aEPQh4bOsReD/8ICuBcEmS7KGwDj5ODQLYWVN2lNibKJL1z5b+Lw=="
  "resolved" "https://registry.npmmirror.com/@vue/reactivity/-/reactivity-3.5.17.tgz"
  "version" "3.5.17"
  dependencies:
    "@vue/shared" "3.5.17"

"@vue/runtime-core@3.5.17":
  "integrity" "sha512-QQLXa20dHg1R0ri4bjKeGFKEkJA7MMBxrKo2G+gJikmumRS7PTD4BOU9FKrDQWMKowz7frJJGqBffYMgQYS96Q=="
  "resolved" "https://registry.npmmirror.com/@vue/runtime-core/-/runtime-core-3.5.17.tgz"
  "version" "3.5.17"
  dependencies:
    "@vue/reactivity" "3.5.17"
    "@vue/shared" "3.5.17"

"@vue/runtime-dom@3.5.17":
  "integrity" "sha512-8El0M60TcwZ1QMz4/os2MdlQECgGoVHPuLnQBU3m9h3gdNRW9xRmI8iLS4t/22OQlOE6aJvNNlBiCzPHur4H9g=="
  "resolved" "https://registry.npmmirror.com/@vue/runtime-dom/-/runtime-dom-3.5.17.tgz"
  "version" "3.5.17"
  dependencies:
    "@vue/reactivity" "3.5.17"
    "@vue/runtime-core" "3.5.17"
    "@vue/shared" "3.5.17"
    "csstype" "^3.1.3"

"@vue/server-renderer@3.5.17":
  "integrity" "sha512-BOHhm8HalujY6lmC3DbqF6uXN/K00uWiEeF22LfEsm9Q93XeJ/plHTepGwf6tqFcF7GA5oGSSAAUock3VvzaCA=="
  "resolved" "https://registry.npmmirror.com/@vue/server-renderer/-/server-renderer-3.5.17.tgz"
  "version" "3.5.17"
  dependencies:
    "@vue/compiler-ssr" "3.5.17"
    "@vue/shared" "3.5.17"

"@vue/shared@3.5.17":
  "integrity" "sha512-CabR+UN630VnsJO/jHWYBC1YVXyMq94KKp6iF5MQgZJs5I8cmjw6oVMO1oDbtBkENSHSSn/UadWlW/OAgdmKrg=="
  "resolved" "https://registry.npmmirror.com/@vue/shared/-/shared-3.5.17.tgz"
  "version" "3.5.17"

"@vueuse/core@^13.4.0":
  "integrity" "sha512-wV7z0eUpifKmvmN78UBZX8T7lMW53Nrk6JP5+6hbzrB9+cJ3jr//hUlhl9TZO/03bUkMK6gGkQpqOPWoabr72g=="
  "resolved" "https://registry.npmmirror.com/@vueuse/core/-/core-13.5.0.tgz"
  "version" "13.5.0"
  dependencies:
    "@types/web-bluetooth" "^0.0.21"
    "@vueuse/metadata" "13.5.0"
    "@vueuse/shared" "13.5.0"

"@vueuse/metadata@13.5.0":
  "integrity" "sha512-euhItU3b0SqXxSy8u1XHxUCdQ8M++bsRs+TYhOLDU/OykS7KvJnyIFfep0XM5WjIFry9uAPlVSjmVHiqeshmkw=="
  "resolved" "https://registry.npmmirror.com/@vueuse/metadata/-/metadata-13.5.0.tgz"
  "version" "13.5.0"

"@vueuse/shared@13.5.0":
  "integrity" "sha512-K7GrQIxJ/ANtucxIXbQlUHdB0TPA8c+q5i+zbrjxuhJCnJ9GtBg75sBSnvmLSxHKPg2Yo8w62PWksl9kwH0Q8g=="
  "resolved" "https://registry.npmmirror.com/@vueuse/shared/-/shared-13.5.0.tgz"
  "version" "13.5.0"

"ant-design-vue@^4.0.0", "ant-design-vue@>=4.0.0":
  "integrity" "sha512-t7eX13Yj3i9+i5g9lqFyYneoIb3OzTvQjq9Tts1i+eiOd3Eva/6GagxBSXM1fOCjqemIu0FYVE1ByZ/38epR3Q=="
  "resolved" "https://registry.npmmirror.com/ant-design-vue/-/ant-design-vue-4.2.6.tgz"
  "version" "4.2.6"
  dependencies:
    "@ant-design/colors" "^6.0.0"
    "@ant-design/icons-vue" "^7.0.0"
    "@babel/runtime" "^7.10.5"
    "@ctrl/tinycolor" "^3.5.0"
    "@emotion/hash" "^0.9.0"
    "@emotion/unitless" "^0.8.0"
    "@simonwep/pickr" "~1.8.0"
    "array-tree-filter" "^2.1.0"
    "async-validator" "^4.0.0"
    "csstype" "^3.1.1"
    "dayjs" "^1.10.5"
    "dom-align" "^1.12.1"
    "dom-scroll-into-view" "^2.0.0"
    "lodash" "^4.17.21"
    "lodash-es" "^4.17.15"
    "resize-observer-polyfill" "^1.5.1"
    "scroll-into-view-if-needed" "^2.2.25"
    "shallow-equal" "^1.0.0"
    "stylis" "^4.1.3"
    "throttle-debounce" "^5.0.0"
    "vue-types" "^3.0.0"
    "warning" "^4.0.0"

"ant-design-x-vue@^1.0.0":
  "integrity" "sha512-YPU5wNx0D4BcnIR+6AK6q1UVo3S/YneV9QL1hgnV+1c0tzbp+kFpW10IuRU+Mi8uCzHHiWtMCGKfZ/9JUg2s2w=="
  "resolved" "https://registry.npmmirror.com/ant-design-x-vue/-/ant-design-x-vue-1.2.8.tgz"
  "version" "1.2.8"
  dependencies:
    "@ant-design/fast-color" "^2.0.6"
    "@emotion/hash" "^0.9.2"
    "@emotion/unitless" "^0.10.0"
    "@vueuse/core" "^13.4.0"
    "classnames" "^2.5.1"
    "csstype" "^3.1.3"
    "stylis" "^4.3.4"

"array-tree-filter@^2.1.0":
  "integrity" "sha512-4ROwICNlNw/Hqa9v+rk5h22KjmzB1JGTMVKP2AKJBOCgb0yL0ASf0+YvCcLNNwquOHNX48jkeZIJ3a+oOQqKcw=="
  "resolved" "https://registry.npmmirror.com/array-tree-filter/-/array-tree-filter-2.1.0.tgz"
  "version" "2.1.0"

"async-validator@^4.0.0":
  "integrity" "sha512-7HhHjtERjqlNbZtqNqy2rckN/SpOOlmDliet+lP7k+eKZEjPk3DgyeU9lIXLdeLz0uBbbVp+9Qdow9wJWgwwfg=="
  "resolved" "https://registry.npmmirror.com/async-validator/-/async-validator-4.2.5.tgz"
  "version" "4.2.5"

"classnames@^2.5.1":
  "integrity" "sha512-saHYOzhIQs6wy2sVxTM6bUDsQO4F50V9RQ22qBpEdCW+I+/Wmke2HOl6lS6dTpdxVhb88/I6+Hs+438c3lfUow=="
  "resolved" "https://registry.npmmirror.com/classnames/-/classnames-2.5.1.tgz"
  "version" "2.5.1"

"compute-scroll-into-view@^1.0.20":
  "integrity" "sha512-UCB0ioiyj8CRjtrvaceBLqqhZCVP+1B8+NWQhmdsm0VXOJtobBCf1dBQmebCCo34qZmUwZfIH2MZLqNHazrfjg=="
  "resolved" "https://registry.npmmirror.com/compute-scroll-into-view/-/compute-scroll-into-view-1.0.20.tgz"
  "version" "1.0.20"

"core-js@^3.15.1":
  "integrity" "sha512-aFCtd4l6GvAXwVEh3XbbVqJGHDJt0OZRa+5ePGx3LLwi12WfexqQxcsohb2wgsa/92xtl19Hd66G/L+TaAxDMw=="
  "resolved" "https://registry.npmmirror.com/core-js/-/core-js-3.44.0.tgz"
  "version" "3.44.0"

"csstype@^3.1.1", "csstype@^3.1.3":
  "integrity" "sha512-M1uQkMl8rQK/szD0LNhtqxIPLpimGm8sOBwU7lLnCpSbTyY3yeU1Vc7l4KT5zT4s/yOxHH5O7tIuuLOCnLADRw=="
  "resolved" "https://registry.npmmirror.com/csstype/-/csstype-3.1.3.tgz"
  "version" "3.1.3"

"dayjs@^1.10.5":
  "integrity" "sha512-oaMBel6gjolK862uaPQOVTA7q3TZhuSvuMQAAglQDOWYO9A91IrAOUJEyKVlqJlHE0vq5p5UXxzdPfMH/x6xNg=="
  "resolved" "https://registry.npmmirror.com/dayjs/-/dayjs-1.11.13.tgz"
  "version" "1.11.13"

"dom-align@^1.12.1":
  "integrity" "sha512-R8LUSEay/68zE5c8/3BDxiTEvgb4xZTF0RKmAHfiEVN3klfIpXfi2/QCoiWPccVQ0J/ZGdz9OjzL4uJEP/MRAw=="
  "resolved" "https://registry.npmmirror.com/dom-align/-/dom-align-1.12.4.tgz"
  "version" "1.12.4"

"dom-scroll-into-view@^2.0.0":
  "integrity" "sha512-bvVTQe1lfaUr1oFzZX80ce9KLDlZ3iU+XGNE/bz9HnGdklTieqsbmsLHe+rT2XWqopvL0PckkYqN7ksmm5pe3w=="
  "resolved" "https://registry.npmmirror.com/dom-scroll-into-view/-/dom-scroll-into-view-2.0.1.tgz"
  "version" "2.0.1"

"entities@^4.5.0":
  "integrity" "sha512-V0hjH4dGPh9Ao5p0MoRY6BVqtwCjhz6vI5LT8AJ55H+4g9/4vbHx1I54fS0XuclLhDHArPQCiMjDxjaL8fPxhw=="
  "resolved" "https://registry.npmmirror.com/entities/-/entities-4.5.0.tgz"
  "version" "4.5.0"

"esbuild@^0.21.3":
  "integrity" "sha512-mg3OPMV4hXywwpoDxu3Qda5xCKQi+vCTZq8S9J/EpkhB2HzKXq4SNFZE3+NK93JYxc8VMSep+lOUSC/RVKaBqw=="
  "resolved" "https://registry.npmmirror.com/esbuild/-/esbuild-0.21.5.tgz"
  "version" "0.21.5"
  optionalDependencies:
    "@esbuild/aix-ppc64" "0.21.5"
    "@esbuild/android-arm" "0.21.5"
    "@esbuild/android-arm64" "0.21.5"
    "@esbuild/android-x64" "0.21.5"
    "@esbuild/darwin-arm64" "0.21.5"
    "@esbuild/darwin-x64" "0.21.5"
    "@esbuild/freebsd-arm64" "0.21.5"
    "@esbuild/freebsd-x64" "0.21.5"
    "@esbuild/linux-arm" "0.21.5"
    "@esbuild/linux-arm64" "0.21.5"
    "@esbuild/linux-ia32" "0.21.5"
    "@esbuild/linux-loong64" "0.21.5"
    "@esbuild/linux-mips64el" "0.21.5"
    "@esbuild/linux-ppc64" "0.21.5"
    "@esbuild/linux-riscv64" "0.21.5"
    "@esbuild/linux-s390x" "0.21.5"
    "@esbuild/linux-x64" "0.21.5"
    "@esbuild/netbsd-x64" "0.21.5"
    "@esbuild/openbsd-x64" "0.21.5"
    "@esbuild/sunos-x64" "0.21.5"
    "@esbuild/win32-arm64" "0.21.5"
    "@esbuild/win32-ia32" "0.21.5"
    "@esbuild/win32-x64" "0.21.5"

"estree-walker@^2.0.2":
  "integrity" "sha512-Rfkk/Mp/DL7JVje3u18FxFujQlTNR2q6QfMSMB7AvCBx91NGj/ba3kCfza0f6dVDbw7YlRf/nDrn7pQrCCyQ/w=="
  "resolved" "https://registry.npmmirror.com/estree-walker/-/estree-walker-2.0.2.tgz"
  "version" "2.0.2"

"fsevents@~2.3.2", "fsevents@~2.3.3":
  "integrity" "sha512-5xoDfX+fL7faATnagmWPpbFtwh/R77WmMMqqHGS65C3vvB0YHrgF+B1YmZ3441tMj5n63k0212XNoJwzlhffQw=="
  "resolved" "https://registry.npmmirror.com/fsevents/-/fsevents-2.3.3.tgz"
  "version" "2.3.3"

"is-plain-object@3.0.1":
  "integrity" "sha512-Xnpx182SBMrr/aBik8y+GuR4U1L9FqMSojwDQwPMmxyC6bvEqly9UBCxhauBF5vNh2gwWJNX6oDV7O+OM4z34g=="
  "resolved" "https://registry.npmmirror.com/is-plain-object/-/is-plain-object-3.0.1.tgz"
  "version" "3.0.1"

"js-tokens@^3.0.0 || ^4.0.0":
  "integrity" "sha512-RdJUflcE3cUzKiMqQgsCu06FPu9UdIJO0beYbPhHN4k6apgJtifcoCtT9bcxOpYBtpD2kCM6Sbzg4CausW/PKQ=="
  "resolved" "https://registry.npmmirror.com/js-tokens/-/js-tokens-4.0.0.tgz"
  "version" "4.0.0"

"lodash-es@^4.17.15":
  "integrity" "sha512-mKnC+QJ9pWVzv+C4/U3rRsHapFfHvQFoFB92e52xeyGMcX6/OlIl78je1u8vePzYZSkkogMPJ2yjxxsb89cxyw=="
  "resolved" "https://registry.npmmirror.com/lodash-es/-/lodash-es-4.17.21.tgz"
  "version" "4.17.21"

"lodash@^4.17.21":
  "integrity" "sha512-v2kDEe57lecTulaDIuNTPy3Ry4gLGJ6Z1O3vE1krgXZNrsQ+LFTGHVxVjcXPs17LhbZVGedAJv8XZ1tvj5FvSg=="
  "resolved" "https://registry.npmmirror.com/lodash/-/lodash-4.17.21.tgz"
  "version" "4.17.21"

"loose-envify@^1.0.0":
  "integrity" "sha512-lyuxPGr/Wfhrlem2CL/UcnUc1zcqKAImBDzukY7Y5F/yQiNdko6+fRLevlw1HgMySw7f611UIY408EtxRSoK3Q=="
  "resolved" "https://registry.npmmirror.com/loose-envify/-/loose-envify-1.4.0.tgz"
  "version" "1.4.0"
  dependencies:
    "js-tokens" "^3.0.0 || ^4.0.0"

"magic-string@^0.30.17":
  "integrity" "sha512-sNPKHvyjVf7gyjwS4xGTaW/mCnF8wnjtifKBEhxfZ7E/S8tQ0rssrwGNn6q8JH/ohItJfSQp9mBtQYuTlH5QnA=="
  "resolved" "https://registry.npmmirror.com/magic-string/-/magic-string-0.30.17.tgz"
  "version" "0.30.17"
  dependencies:
    "@jridgewell/sourcemap-codec" "^1.5.0"

"nanoid@^3.3.11":
  "integrity" "sha512-N8SpfPUnUp1bK+PMYW8qSWdl9U+wwNWI4QKxOYDy9JAro3WMX7p2OeVRF9v+347pnakNevPmiHhNmZ2HbFA76w=="
  "resolved" "https://registry.npmmirror.com/nanoid/-/nanoid-3.3.11.tgz"
  "version" "3.3.11"

"nanopop@^2.1.0":
  "integrity" "sha512-NzOgmMQ+elxxHeIha+OG/Pv3Oc3p4RU2aBhwWwAqDpXrdTbtRylbRLQztLy8dMMwfl6pclznBdfUhccEn9ZIzw=="
  "resolved" "https://registry.npmmirror.com/nanopop/-/nanopop-2.4.2.tgz"
  "version" "2.4.2"

"picocolors@^1.1.1":
  "integrity" "sha512-xceH2snhtb5M9liqDsmEw56le376mTZkEX/jEb/RxNFyegNul7eNslCXP9FDj/Lcu0X8KEyMceP2ntpaHrDEVA=="
  "resolved" "https://registry.npmmirror.com/picocolors/-/picocolors-1.1.1.tgz"
  "version" "1.1.1"

"postcss@^8.4.43", "postcss@^8.5.6":
  "integrity" "sha512-3Ybi1tAuwAP9s0r1UQ2J4n5Y0G05bJkpUIO0/bI9MhwmD70S5aTWbXGBwxHrelT+XM1k6dM0pk+SwNkpTRN7Pg=="
  "resolved" "https://registry.npmmirror.com/postcss/-/postcss-8.5.6.tgz"
  "version" "8.5.6"
  dependencies:
    "nanoid" "^3.3.11"
    "picocolors" "^1.1.1"
    "source-map-js" "^1.2.1"

"resize-observer-polyfill@^1.5.1":
  "integrity" "sha512-LwZrotdHOo12nQuZlHEmtuXdqGoOD0OhaxopaNFxWzInpEgaLWoVuAMbTzixuosCx2nEG58ngzW3vxdWoxIgdg=="
  "resolved" "https://registry.npmmirror.com/resize-observer-polyfill/-/resize-observer-polyfill-1.5.1.tgz"
  "version" "1.5.1"

"rollup@^4.20.0":
  "integrity" "sha512-PVoapzTwSEcelaWGth3uR66u7ZRo6qhPHc0f2uRO9fX6XDVNrIiGYS0Pj9+R8yIIYSD/mCx2b16Ws9itljKSPg=="
  "resolved" "https://registry.npmmirror.com/rollup/-/rollup-4.44.2.tgz"
  "version" "4.44.2"
  dependencies:
    "@types/estree" "1.0.8"
  optionalDependencies:
    "@rollup/rollup-android-arm-eabi" "4.44.2"
    "@rollup/rollup-android-arm64" "4.44.2"
    "@rollup/rollup-darwin-arm64" "4.44.2"
    "@rollup/rollup-darwin-x64" "4.44.2"
    "@rollup/rollup-freebsd-arm64" "4.44.2"
    "@rollup/rollup-freebsd-x64" "4.44.2"
    "@rollup/rollup-linux-arm-gnueabihf" "4.44.2"
    "@rollup/rollup-linux-arm-musleabihf" "4.44.2"
    "@rollup/rollup-linux-arm64-gnu" "4.44.2"
    "@rollup/rollup-linux-arm64-musl" "4.44.2"
    "@rollup/rollup-linux-loongarch64-gnu" "4.44.2"
    "@rollup/rollup-linux-powerpc64le-gnu" "4.44.2"
    "@rollup/rollup-linux-riscv64-gnu" "4.44.2"
    "@rollup/rollup-linux-riscv64-musl" "4.44.2"
    "@rollup/rollup-linux-s390x-gnu" "4.44.2"
    "@rollup/rollup-linux-x64-gnu" "4.44.2"
    "@rollup/rollup-linux-x64-musl" "4.44.2"
    "@rollup/rollup-win32-arm64-msvc" "4.44.2"
    "@rollup/rollup-win32-ia32-msvc" "4.44.2"
    "@rollup/rollup-win32-x64-msvc" "4.44.2"
    "fsevents" "~2.3.2"

"scroll-into-view-if-needed@^2.2.25":
  "integrity" "sha512-dGCXy99wZQivjmjIqihaBQNjryrz5rueJY7eHfTdyWEiR4ttYpsajb14rn9s5d4DY4EcY6+4+U/maARBXJedkA=="
  "resolved" "https://registry.npmmirror.com/scroll-into-view-if-needed/-/scroll-into-view-if-needed-2.2.31.tgz"
  "version" "2.2.31"
  dependencies:
    "compute-scroll-into-view" "^1.0.20"

"shallow-equal@^1.0.0":
  "integrity" "sha512-S4vJDjHHMBaiZuT9NPb616CSmLf618jawtv3sufLl6ivK8WocjAo58cXwbRV1cgqxH0Qbv+iUt6m05eqEa2IRA=="
  "resolved" "https://registry.npmmirror.com/shallow-equal/-/shallow-equal-1.2.1.tgz"
  "version" "1.2.1"

"source-map-js@^1.2.1":
  "integrity" "sha512-UXWMKhLOwVKb728IUtQPXxfYU+usdybtUrK/8uGE8CQMvrhOpwvzDBwj0QhSL7MQc7vIsISBG8VQ8+IDQxpfQA=="
  "resolved" "https://registry.npmmirror.com/source-map-js/-/source-map-js-1.2.1.tgz"
  "version" "1.2.1"

"stylis@^4.1.3", "stylis@^4.3.4":
  "integrity" "sha512-yQ3rwFWRfwNUY7H5vpU0wfdkNSnvnJinhF9830Swlaxl03zsOjCfmX0ugac+3LtK0lYSgwL/KXc8oYL3mG4YFQ=="
  "resolved" "https://registry.npmmirror.com/stylis/-/stylis-4.3.6.tgz"
  "version" "4.3.6"

"throttle-debounce@^5.0.0":
  "integrity" "sha512-B71/4oyj61iNH0KeCamLuE2rmKuTO5byTOSVwECM5FA7TiAiAW+UqTKZ9ERueC4qvgSttUhdmq1mXC3kJqGX7A=="
  "resolved" "https://registry.npmmirror.com/throttle-debounce/-/throttle-debounce-5.0.2.tgz"
  "version" "5.0.2"

"vite@^5.0.0", "vite@^5.0.0 || ^6.0.0":
  "integrity" "sha512-qO3aKv3HoQC8QKiNSTuUM1l9o/XX3+c+VTgLHbJWHZGeTPVAg2XwazI9UWzoxjIJCGCV2zU60uqMzjeLZuULqA=="
  "resolved" "https://registry.npmmirror.com/vite/-/vite-5.4.19.tgz"
  "version" "5.4.19"
  dependencies:
    "esbuild" "^0.21.3"
    "postcss" "^8.4.43"
    "rollup" "^4.20.0"
  optionalDependencies:
    "fsevents" "~2.3.3"

"vue-types@^3.0.0":
  "integrity" "sha512-IwUC0Aq2zwaXqy74h4WCvFCUtoV0iSWr0snWnE9TnU18S66GAQyqQbRf2qfJtUuiFsBf6qp0MEwdonlwznlcrw=="
  "resolved" "https://registry.npmmirror.com/vue-types/-/vue-types-3.0.2.tgz"
  "version" "3.0.2"
  dependencies:
    "is-plain-object" "3.0.1"

"vue@^3.0.0", "vue@^3.2.25", "vue@^3.4.0", "vue@^3.5.0", "vue@>=3.0.3", "vue@>=3.2.0", "vue@>=3.5.0", "vue@3.5.17":
  "integrity" "sha512-LbHV3xPN9BeljML+Xctq4lbz2lVHCR6DtbpTf5XIO6gugpXUN49j2QQPcMj086r9+AkJ0FfUT8xjulKKBkkr9g=="
  "resolved" "https://registry.npmmirror.com/vue/-/vue-3.5.17.tgz"
  "version" "3.5.17"
  dependencies:
    "@vue/compiler-dom" "3.5.17"
    "@vue/compiler-sfc" "3.5.17"
    "@vue/runtime-dom" "3.5.17"
    "@vue/server-renderer" "3.5.17"
    "@vue/shared" "3.5.17"

"warning@^4.0.0":
  "integrity" "sha512-rpJyN222KWIvHJ/F53XSZv0Zl/accqHR8et1kpaMTD/fLCRxtV8iX8czMzY7sVZupTI3zcUTg8eycS2kNF9l6w=="
  "resolved" "https://registry.npmmirror.com/warning/-/warning-4.0.3.tgz"
  "version" "4.0.3"
  dependencies:
    "loose-envify" "^1.0.0"
